
Microsoft Visual Studio Solution File, Format Version 12.00
# Visual Studio Version 16
VisualStudioVersion = 16.0.31515.178
MinimumVisualStudioVersion = 10.0.40219.1
Project("{FAE04EC0-301F-11D3-BF4B-00C04F79EFBC}") = "ConsoleApp2", "ConsoleApp2\ConsoleApp2.csproj", "{0C570C70-2FB4-4247-AAF6-5538C9740093}"
EndProject
Global
	GlobalSection(SolutionConfigurationPlatforms) = preSolution
		Debug|Any CPU = Debug|Any CPU
		Release|Any CPU = Release|Any CPU
	EndGlobalSection
	GlobalSection(ProjectConfigurationPlatforms) = postSolution
		{0C570C70-2FB4-4247-AAF6-5538C9740093}.Debug|Any CPU.ActiveCfg = Debug|Any CPU
		{0C570C70-2FB4-4247-AAF6-5538C9740093}.Debug|Any CPU.Build.0 = Debug|Any CPU
		{0C570C70-2FB4-4247-AAF6-5538C9740093}.Release|Any CPU.ActiveCfg = Release|Any CPU
		{0C570C70-2FB4-4247-AAF6-5538C9740093}.Release|Any CPU.Build.0 = Release|Any CPU
	EndGlobalSection
	GlobalSection(SolutionProperties) = preSolution
		HideSolutionNode = FALSE
	EndGlobalSection
	GlobalSection(ExtensibilityGlobals) = postSolution
		SolutionGuid = {8618A0A9-BD2C-431E-838A-11577E2F1AD9}
	EndGlobalSection
EndGlobal
